
Microsoft Visual Studio Solution File, Format Version 12.00
# Visual Studio Version 16
VisualStudioVersion = 16.0.31515.178
MinimumVisualStudioVersion = 10.0.40219.1
Project("{9A19103F-16F7-4668-BE54-9A1E7A4F7556}") = "WebApplication", "WebApplication\WebApplication.csproj", "{8F2AC97C-FA57-4B30-A9FD-A378AC256905}"
EndProject
Global
	GlobalSection(SolutionConfigurationPlatforms) = preSolution
		Debug|Any CPU = Debug|Any CPU
		Release|Any CPU = Release|Any CPU
	EndGlobalSection
	GlobalSection(ProjectConfigurationPlatforms) = postSolution
		{8F2AC97C-FA57-4B30-A9FD-A378AC256905}.Debug|Any CPU.ActiveCfg = Debug|Any CPU
		{8F2AC97C-FA57-4B30-A9FD-A378AC256905}.Debug|Any CPU.Build.0 = Debug|Any CPU
		{8F2AC97C-FA57-4B30-A9FD-A378AC256905}.Release|Any CPU.ActiveCfg = Release|Any CPU
		{8F2AC97C-FA57-4B30-A9FD-A378AC256905}.Release|Any CPU.Build.0 = Release|Any CPU
	EndGlobalSection
	GlobalSection(SolutionProperties) = preSolution
		HideSolutionNode = FALSE
	EndGlobalSection
	GlobalSection(ExtensibilityGlobals) = postSolution
		SolutionGuid = {48DC1C7E-FE33-4DC1-A926-30E97FF6012E}
	EndGlobalSection
EndGlobal
